// !$*UTF8*$!
{
	archiveVersion = 1;
	classes = {
	};
	objectVersion = 56;
	objects = {

/* Begin PBXBuildFile section */
		D2417A492B396D2600D89723 /* SportLinkupApp.swift in Sources */ = {isa = PBXBuildFile; fileRef = D2417A482B396D2600D89723 /* SportLinkupApp.swift */; };
		D2417A4B2B396D2600D89723 /* ContentView.swift in Sources */ = {isa = PBXBuildFile; fileRef = D2417A4A2B396D2600D89723 /* ContentView.swift */; };
		D2417A4D2B396D2800D89723 /* Assets.xcassets in Resources */ = {isa = PBXBuildFile; fileRef = D2417A4C2B396D2800D89723 /* Assets.xcassets */; };
		D2417A502B396D2800D89723 /* Preview Assets.xcassets in Resources */ = {isa = PBXBuildFile; fileRef = D2417A4F2B396D2800D89723 /* Preview Assets.xcassets */; };
		D2417A5A2B396D9500D89723 /* SplashScreenView.swift in Sources */ = {isa = PBXBuildFile; fileRef = D2417A572B396D9500D89723 /* SplashScreenView.swift */; };
		D2417A5B2B396D9500D89723 /* OnboardingItems.swift in Sources */ = {isa = PBXBuildFile; fileRef = D2417A582B396D9500D89723 /* OnboardingItems.swift */; };
		D2417A5C2B396D9500D89723 /* OnboardingView.swift in Sources */ = {isa = PBXBuildFile; fileRef = D2417A592B396D9500D89723 /* OnboardingView.swift */; };
		D2417A622B396DB200D89723 /* ExploreView.swift in Sources */ = {isa = PBXBuildFile; fileRef = D2417A5E2B396DB200D89723 /* ExploreView.swift */; };
		D2417A632B396DB200D89723 /* SearchView.swift in Sources */ = {isa = PBXBuildFile; fileRef = D2417A5F2B396DB200D89723 /* SearchView.swift */; };
		D2417A642B396DB200D89723 /* DetailsView.swift in Sources */ = {isa = PBXBuildFile; fileRef = D2417A602B396DB200D89723 /* DetailsView.swift */; };
		D2417A652B396DB200D89723 /* PlacesView.swift in Sources */ = {isa = PBXBuildFile; fileRef = D2417A612B396DB200D89723 /* PlacesView.swift */; };
		D2417A6B2B396DBB00D89723 /* HaderExplore.swift in Sources */ = {isa = PBXBuildFile; fileRef = D2417A672B396DBB00D89723 /* HaderExplore.swift */; };
		D2417A6C2B396DBB00D89723 /* ButtonExplore.swift in Sources */ = {isa = PBXBuildFile; fileRef = D2417A682B396DBB00D89723 /* ButtonExplore.swift */; };
		D2417A6D2B396DBB00D89723 /* CardPlaces.swift in Sources */ = {isa = PBXBuildFile; fileRef = D2417A692B396DBB00D89723 /* CardPlaces.swift */; };
		D2417A6E2B396DBB00D89723 /* CardExplore.swift in Sources */ = {isa = PBXBuildFile; fileRef = D2417A6A2B396DBB00D89723 /* CardExplore.swift */; };
		D2417A702B39703100D89723 /* BookingView.swift in Sources */ = {isa = PBXBuildFile; fileRef = D2417A6F2B39703100D89723 /* BookingView.swift */; };
		D2417A722B397C1A00D89723 /* CalendarView.swift in Sources */ = {isa = PBXBuildFile; fileRef = D2417A712B397C1A00D89723 /* CalendarView.swift */; };
		D2417A742B3990FE00D89723 /* PlayersStepper.swift in Sources */ = {isa = PBXBuildFile; fileRef = D2417A732B3990FE00D89723 /* PlayersStepper.swift */; };
		D2417A762B399C9F00D89723 /* Time.swift in Sources */ = {isa = PBXBuildFile; fileRef = D2417A752B399C9F00D89723 /* Time.swift */; };
		D2417A7A2B3ABAB100D89723 /* EditProfileView.swift in Sources */ = {isa = PBXBuildFile; fileRef = D2417A782B3ABAB100D89723 /* EditProfileView.swift */; };
		D2417A7B2B3ABAB100D89723 /* SupabaseHelper.swift in Sources */ = {isa = PBXBuildFile; fileRef = D2417A792B3ABAB100D89723 /* SupabaseHelper.swift */; };
		D2417A7E2B3ABC1D00D89723 /* User.swift in Sources */ = {isa = PBXBuildFile; fileRef = D2417A7D2B3ABC1D00D89723 /* User.swift */; };
		D2417A802B3ABC2D00D89723 /* Card.swift in Sources */ = {isa = PBXBuildFile; fileRef = D2417A7F2B3ABC2D00D89723 /* Card.swift */; };
		D2417A842B3ABC9700D89723 /* CustomDatePicker.swift in Sources */ = {isa = PBXBuildFile; fileRef = D2417A832B3ABC9700D89723 /* CustomDatePicker.swift */; };
		D2417A862B3ABCA600D89723 /* CustomTextField.swift in Sources */ = {isa = PBXBuildFile; fileRef = D2417A852B3ABCA600D89723 /* CustomTextField.swift */; };
		D2417A892B3ABD7700D89723 /* EditProfileViewViewModel.swift in Sources */ = {isa = PBXBuildFile; fileRef = D2417A882B3ABD7700D89723 /* EditProfileViewViewModel.swift */; };
		D2417A8B2B3ABDC900D89723 /* CardView.swift in Sources */ = {isa = PBXBuildFile; fileRef = D2417A8A2B3ABDC900D89723 /* CardView.swift */; };
		D2417A8D2B3ABDDB00D89723 /* TermsConditionsView.swift in Sources */ = {isa = PBXBuildFile; fileRef = D2417A8C2B3ABDDB00D89723 /* TermsConditionsView.swift */; };
		D2417A8F2B3ABDEE00D89723 /* CustomTabView.swift in Sources */ = {isa = PBXBuildFile; fileRef = D2417A8E2B3ABDEE00D89723 /* CustomTabView.swift */; };
		D2417A912B3ABE0C00D89723 /* AuthService.swift in Sources */ = {isa = PBXBuildFile; fileRef = D2417A902B3ABE0C00D89723 /* AuthService.swift */; };
		D2417A932B3ABF0A00D89723 /* LocationMapView.swift in Sources */ = {isa = PBXBuildFile; fileRef = D2417A922B3ABF0A00D89723 /* LocationMapView.swift */; };
		D2417A952B3AC00200D89723 /* ProfileView.swift in Sources */ = {isa = PBXBuildFile; fileRef = D2417A942B3AC00200D89723 /* ProfileView.swift */; };
		D2417A972B3AC3FE00D89723 /* Sport.swift in Sources */ = {isa = PBXBuildFile; fileRef = D2417A962B3AC3FE00D89723 /* Sport.swift */; };
		D2417A992B3AC55B00D89723 /* AddCardTopayView.swift in Sources */ = {isa = PBXBuildFile; fileRef = D2417A982B3AC55B00D89723 /* AddCardTopayView.swift */; };
		D2417AA02B3AF52A00D89723 /* SignIn.swift in Sources */ = {isa = PBXBuildFile; fileRef = D2417A9F2B3AF52A00D89723 /* SignIn.swift */; };
		D2417AA22B3AF53100D89723 /* CreateAccount.swift in Sources */ = {isa = PBXBuildFile; fileRef = D2417AA12B3AF53100D89723 /* CreateAccount.swift */; };
		D2417AA42B3AF76900D89723 /* MyBookingView.swift in Sources */ = {isa = PBXBuildFile; fileRef = D2417AA32B3AF76900D89723 /* MyBookingView.swift */; };
		D24CBB7C2B3C40B8006EB25F /* Details.swift in Sources */ = {isa = PBXBuildFile; fileRef = D24CBB7B2B3C40B8006EB25F /* Details.swift */; };
		D24CBB7E2B3D3324006EB25F /* Activities.swift in Sources */ = {isa = PBXBuildFile; fileRef = D24CBB7D2B3D3324006EB25F /* Activities.swift */; };
		D24CBB802B3D36E1006EB25F /* CardActivities.swift in Sources */ = {isa = PBXBuildFile; fileRef = D24CBB7F2B3D36E1006EB25F /* CardActivities.swift */; };
		D24CBB822B3D39CE006EB25F /* ActivitiesView.swift in Sources */ = {isa = PBXBuildFile; fileRef = D24CBB812B3D39CE006EB25F /* ActivitiesView.swift */; };
		D24CBB842B3D3B2A006EB25F /* ActivitiesViewModel.swift in Sources */ = {isa = PBXBuildFile; fileRef = D24CBB832B3D3B2A006EB25F /* ActivitiesViewModel.swift */; };
		D24D587C2B3D75ED00F65EFF /* ActivitieDetailsView.swift in Sources */ = {isa = PBXBuildFile; fileRef = D24D587B2B3D75ED00F65EFF /* ActivitieDetailsView.swift */; };
		D24D587E2B3D889E00F65EFF /* ActivitieDetails.swift in Sources */ = {isa = PBXBuildFile; fileRef = D24D587D2B3D889E00F65EFF /* ActivitieDetails.swift */; };
		D2E9009B2B3F1C8E003C860A /* BookingTicket.swift in Sources */ = {isa = PBXBuildFile; fileRef = D2E9009A2B3F1C8E003C860A /* BookingTicket.swift */; };
		D2E9009D2B3F2B12003C860A /* MyBooking.swift in Sources */ = {isa = PBXBuildFile; fileRef = D2E9009C2B3F2B12003C860A /* MyBooking.swift */; };
		D2E9009F2B3F2FFD003C860A /* PopupDetailsView.swift in Sources */ = {isa = PBXBuildFile; fileRef = D2E9009E2B3F2FFD003C860A /* PopupDetailsView.swift */; };
		D2E900A12B3F57CC003C860A /* BookingViewModel.swift in Sources */ = {isa = PBXBuildFile; fileRef = D2E900A02B3F57CC003C860A /* BookingViewModel.swift */; };
		D2E900A32B3F61B5003C860A /* BookingSummaryView.swift in Sources */ = {isa = PBXBuildFile; fileRef = D2E900A22B3F61B5003C860A /* BookingSummaryView.swift */; };
		D2E900A72B3F8B3D003C860A /*  SportPin.swift in Sources */ = {isa = PBXBuildFile; fileRef = D2E900A62B3F8B3D003C860A /*  SportPin.swift */; };
		D2E900A92B3FC493003C860A /* Localizable.xcstrings in Resources */ = {isa = PBXBuildFile; fileRef = D2E900A82B3FC493003C860A /* Localizable.xcstrings */; };
		D2F001B92B3BAE8800A91C7C /* SportViewModel.swift in Sources */ = {isa = PBXBuildFile; fileRef = D2F001B82B3BAE8800A91C7C /* SportViewModel.swift */; };
/* End PBXBuildFile section */

/* Begin PBXFileReference section */
		D2417A452B396D2600D89723 /* SportLinkup.app */ = {isa = PBXFileReference; explicitFileType = wrapper.application; includeInIndex = 0; path = SportLinkup.app; sourceTree = BUILT_PRODUCTS_DIR; };
		D2417A482B396D2600D89723 /* SportLinkupApp.swift */ = {isa = PBXFileReference; lastKnownFileType = sourcecode.swift; path = SportLinkupApp.swift; sourceTree = "<group>"; };
		D2417A4A2B396D2600D89723 /* ContentView.swift */ = {isa = PBXFileReference; lastKnownFileType = sourcecode.swift; path = ContentView.swift; sourceTree = "<group>"; };
		D2417A4C2B396D2800D89723 /* Assets.xcassets */ = {isa = PBXFileReference; lastKnownFileType = folder.assetcatalog; path = Assets.xcassets; sourceTree = "<group>"; };
		D2417A4F2B396D2800D89723 /* Preview Assets.xcassets */ = {isa = PBXFileReference; lastKnownFileType = folder.assetcatalog; path = "Preview Assets.xcassets"; sourceTree = "<group>"; };
		D2417A572B396D9500D89723 /* SplashScreenView.swift */ = {isa = PBXFileReference; fileEncoding = 4; lastKnownFileType = sourcecode.swift; path = SplashScreenView.swift; sourceTree = "<group>"; };
		D2417A582B396D9500D89723 /* OnboardingItems.swift */ = {isa = PBXFileReference; fileEncoding = 4; lastKnownFileType = sourcecode.swift; path = OnboardingItems.swift; sourceTree = "<group>"; };
		D2417A592B396D9500D89723 /* OnboardingView.swift */ = {isa = PBXFileReference; fileEncoding = 4; lastKnownFileType = sourcecode.swift; path = OnboardingView.swift; sourceTree = "<group>"; };
		D2417A5E2B396DB200D89723 /* ExploreView.swift */ = {isa = PBXFileReference; fileEncoding = 4; lastKnownFileType = sourcecode.swift; path = ExploreView.swift; sourceTree = "<group>"; };
		D2417A5F2B396DB200D89723 /* SearchView.swift */ = {isa = PBXFileReference; fileEncoding = 4; lastKnownFileType = sourcecode.swift; path = SearchView.swift; sourceTree = "<group>"; };
		D2417A602B396DB200D89723 /* DetailsView.swift */ = {isa = PBXFileReference; fileEncoding = 4; lastKnownFileType = sourcecode.swift; path = DetailsView.swift; sourceTree = "<group>"; };
		D2417A612B396DB200D89723 /* PlacesView.swift */ = {isa = PBXFileReference; fileEncoding = 4; lastKnownFileType = sourcecode.swift; path = PlacesView.swift; sourceTree = "<group>"; };
		D2417A672B396DBB00D89723 /* HaderExplore.swift */ = {isa = PBXFileReference; fileEncoding = 4; lastKnownFileType = sourcecode.swift; path = HaderExplore.swift; sourceTree = "<group>"; };
		D2417A682B396DBB00D89723 /* ButtonExplore.swift */ = {isa = PBXFileReference; fileEncoding = 4; lastKnownFileType = sourcecode.swift; path = ButtonExplore.swift; sourceTree = "<group>"; };
		D2417A692B396DBB00D89723 /* CardPlaces.swift */ = {isa = PBXFileReference; fileEncoding = 4; lastKnownFileType = sourcecode.swift; path = CardPlaces.swift; sourceTree = "<group>"; };
		D2417A6A2B396DBB00D89723 /* CardExplore.swift */ = {isa = PBXFileReference; fileEncoding = 4; lastKnownFileType = sourcecode.swift; path = CardExplore.swift; sourceTree = "<group>"; };
		D2417A6F2B39703100D89723 /* BookingView.swift */ = {isa = PBXFileReference; lastKnownFileType = sourcecode.swift; path = BookingView.swift; sourceTree = "<group>"; };
		D2417A712B397C1A00D89723 /* CalendarView.swift */ = {isa = PBXFileReference; lastKnownFileType = sourcecode.swift; path = CalendarView.swift; sourceTree = "<group>"; };
		D2417A732B3990FE00D89723 /* PlayersStepper.swift */ = {isa = PBXFileReference; lastKnownFileType = sourcecode.swift; path = PlayersStepper.swift; sourceTree = "<group>"; };
		D2417A752B399C9F00D89723 /* Time.swift */ = {isa = PBXFileReference; lastKnownFileType = sourcecode.swift; path = Time.swift; sourceTree = "<group>"; };
		D2417A782B3ABAB100D89723 /* EditProfileView.swift */ = {isa = PBXFileReference; fileEncoding = 4; lastKnownFileType = sourcecode.swift; path = EditProfileView.swift; sourceTree = "<group>"; };
		D2417A792B3ABAB100D89723 /* SupabaseHelper.swift */ = {isa = PBXFileReference; fileEncoding = 4; lastKnownFileType = sourcecode.swift; path = SupabaseHelper.swift; sourceTree = "<group>"; };
		D2417A7D2B3ABC1D00D89723 /* User.swift */ = {isa = PBXFileReference; fileEncoding = 4; lastKnownFileType = sourcecode.swift; path = User.swift; sourceTree = "<group>"; };
		D2417A7F2B3ABC2D00D89723 /* Card.swift */ = {isa = PBXFileReference; fileEncoding = 4; lastKnownFileType = sourcecode.swift; path = Card.swift; sourceTree = "<group>"; };
		D2417A832B3ABC9700D89723 /* CustomDatePicker.swift */ = {isa = PBXFileReference; fileEncoding = 4; lastKnownFileType = sourcecode.swift; path = CustomDatePicker.swift; sourceTree = "<group>"; };
		D2417A852B3ABCA600D89723 /* CustomTextField.swift */ = {isa = PBXFileReference; fileEncoding = 4; lastKnownFileType = sourcecode.swift; path = CustomTextField.swift; sourceTree = "<group>"; };
		D2417A882B3ABD7700D89723 /* EditProfileViewViewModel.swift */ = {isa = PBXFileReference; fileEncoding = 4; lastKnownFileType = sourcecode.swift; path = EditProfileViewViewModel.swift; sourceTree = "<group>"; };
		D2417A8A2B3ABDC900D89723 /* CardView.swift */ = {isa = PBXFileReference; fileEncoding = 4; lastKnownFileType = sourcecode.swift; path = CardView.swift; sourceTree = "<group>"; };
		D2417A8C2B3ABDDB00D89723 /* TermsConditionsView.swift */ = {isa = PBXFileReference; fileEncoding = 4; lastKnownFileType = sourcecode.swift; path = TermsConditionsView.swift; sourceTree = "<group>"; };
		D2417A8E2B3ABDEE00D89723 /* CustomTabView.swift */ = {isa = PBXFileReference; fileEncoding = 4; lastKnownFileType = sourcecode.swift; path = CustomTabView.swift; sourceTree = "<group>"; };
		D2417A902B3ABE0C00D89723 /* AuthService.swift */ = {isa = PBXFileReference; fileEncoding = 4; lastKnownFileType = sourcecode.swift; path = AuthService.swift; sourceTree = "<group>"; };
		D2417A922B3ABF0A00D89723 /* LocationMapView.swift */ = {isa = PBXFileReference; lastKnownFileType = sourcecode.swift; path = LocationMapView.swift; sourceTree = "<group>"; };
		D2417A942B3AC00200D89723 /* ProfileView.swift */ = {isa = PBXFileReference; fileEncoding = 4; lastKnownFileType = sourcecode.swift; path = ProfileView.swift; sourceTree = "<group>"; };
		D2417A962B3AC3FE00D89723 /* Sport.swift */ = {isa = PBXFileReference; lastKnownFileType = sourcecode.swift; path = Sport.swift; sourceTree = "<group>"; };
		D2417A982B3AC55B00D89723 /* AddCardTopayView.swift */ = {isa = PBXFileReference; fileEncoding = 4; lastKnownFileType = sourcecode.swift; path = AddCardTopayView.swift; sourceTree = "<group>"; };
		D2417A9F2B3AF52A00D89723 /* SignIn.swift */ = {isa = PBXFileReference; fileEncoding = 4; lastKnownFileType = sourcecode.swift; path = SignIn.swift; sourceTree = "<group>"; };
		D2417AA12B3AF53100D89723 /* CreateAccount.swift */ = {isa = PBXFileReference; fileEncoding = 4; lastKnownFileType = sourcecode.swift; path = CreateAccount.swift; sourceTree = "<group>"; };
		D2417AA32B3AF76900D89723 /* MyBookingView.swift */ = {isa = PBXFileReference; lastKnownFileType = sourcecode.swift; path = MyBookingView.swift; sourceTree = "<group>"; };
		D24CBB7B2B3C40B8006EB25F /* Details.swift */ = {isa = PBXFileReference; lastKnownFileType = sourcecode.swift; path = Details.swift; sourceTree = "<group>"; };
		D24CBB7D2B3D3324006EB25F /* Activities.swift */ = {isa = PBXFileReference; lastKnownFileType = sourcecode.swift; path = Activities.swift; sourceTree = "<group>"; };
		D24CBB7F2B3D36E1006EB25F /* CardActivities.swift */ = {isa = PBXFileReference; lastKnownFileType = sourcecode.swift; path = CardActivities.swift; sourceTree = "<group>"; };
		D24CBB812B3D39CE006EB25F /* ActivitiesView.swift */ = {isa = PBXFileReference; lastKnownFileType = sourcecode.swift; path = ActivitiesView.swift; sourceTree = "<group>"; };
		D24CBB832B3D3B2A006EB25F /* ActivitiesViewModel.swift */ = {isa = PBXFileReference; lastKnownFileType = sourcecode.swift; path = ActivitiesViewModel.swift; sourceTree = "<group>"; };
		D24D587B2B3D75ED00F65EFF /* ActivitieDetailsView.swift */ = {isa = PBXFileReference; lastKnownFileType = sourcecode.swift; path = ActivitieDetailsView.swift; sourceTree = "<group>"; };
		D24D587D2B3D889E00F65EFF /* ActivitieDetails.swift */ = {isa = PBXFileReference; lastKnownFileType = sourcecode.swift; path = ActivitieDetails.swift; sourceTree = "<group>"; };
		D2E9009A2B3F1C8E003C860A /* BookingTicket.swift */ = {isa = PBXFileReference; lastKnownFileType = sourcecode.swift; path = BookingTicket.swift; sourceTree = "<group>"; };
		D2E9009C2B3F2B12003C860A /* MyBooking.swift */ = {isa = PBXFileReference; lastKnownFileType = sourcecode.swift; path = MyBooking.swift; sourceTree = "<group>"; };
		D2E9009E2B3F2FFD003C860A /* PopupDetailsView.swift */ = {isa = PBXFileReference; lastKnownFileType = sourcecode.swift; path = PopupDetailsView.swift; sourceTree = "<group>"; };
		D2E900A02B3F57CC003C860A /* BookingViewModel.swift */ = {isa = PBXFileReference; lastKnownFileType = sourcecode.swift; path = BookingViewModel.swift; sourceTree = "<group>"; };
		D2E900A22B3F61B5003C860A /* BookingSummaryView.swift */ = {isa = PBXFileReference; lastKnownFileType = sourcecode.swift; path = BookingSummaryView.swift; sourceTree = "<group>"; };
		D2E900A62B3F8B3D003C860A /*  SportPin.swift */ = {isa = PBXFileReference; fileEncoding = 4; lastKnownFileType = sourcecode.swift; path = " SportPin.swift"; sourceTree = "<group>"; };
		D2E900A82B3FC493003C860A /* Localizable.xcstrings */ = {isa = PBXFileReference; fileEncoding = 4; lastKnownFileType = text.json.xcstrings; path = Localizable.xcstrings; sourceTree = "<group>"; };
		D2F001B82B3BAE8800A91C7C /* SportViewModel.swift */ = {isa = PBXFileReference; lastKnownFileType = sourcecode.swift; path = SportViewModel.swift; sourceTree = "<group>"; };
/* End PBXFileReference section */

/* Begin PBXFrameworksBuildPhase section */
		D2417A422B396D2600D89723 /* Frameworks */ = {
			isa = PBXFrameworksBuildPhase;
			buildActionMask = 2147483647;
			files = (
			);
			runOnlyForDeploymentPostprocessing = 0;
		};
/* End PBXFrameworksBuildPhase section */

/* Begin PBXGroup section */
		D2417A3C2B396D2600D89723 = {
			isa = PBXGroup;
			children = (
				D2417A472B396D2600D89723 /* SportLinkup */,
				D2417A462B396D2600D89723 /* Products */,
			);
			sourceTree = "<group>";
		};
		D2417A462B396D2600D89723 /* Products */ = {
			isa = PBXGroup;
			children = (
				D2417A452B396D2600D89723 /* SportLinkup.app */,
			);
			name = Products;
			sourceTree = "<group>";
		};
		D2417A472B396D2600D89723 /* SportLinkup */ = {
			isa = PBXGroup;
			children = (
				D2417A482B396D2600D89723 /* SportLinkupApp.swift */,
				D2417A4A2B396D2600D89723 /* ContentView.swift */,
				D2417A9E2B3AF4E700D89723 /* Authentication */,
				D2417A822B3ABC7500D89723 /* Custom */,
				D2417A562B396D9500D89723 /* Onboarding */,
				D2417A872B3ABD5200D89723 /* ViewModel */,
				D2417A7C2B3ABC0600D89723 /* Model */,
				D2417A5D2B396DB200D89723 /* Views */,
				D2417A662B396DBB00D89723 /* Components */,
				D2417A4C2B396D2800D89723 /* Assets.xcassets */,
				D2E900A82B3FC493003C860A /* Localizable.xcstrings */,
				D2417A4E2B396D2800D89723 /* Preview Content */,
			);
			path = SportLinkup;
			sourceTree = "<group>";
		};
		D2417A4E2B396D2800D89723 /* Preview Content */ = {
			isa = PBXGroup;
			children = (
				D2417A4F2B396D2800D89723 /* Preview Assets.xcassets */,
			);
			path = "Preview Content";
			sourceTree = "<group>";
		};
		D2417A562B396D9500D89723 /* Onboarding */ = {
			isa = PBXGroup;
			children = (
				D2417A572B396D9500D89723 /* SplashScreenView.swift */,
				D2417A582B396D9500D89723 /* OnboardingItems.swift */,
				D2417A592B396D9500D89723 /* OnboardingView.swift */,
			);
			path = Onboarding;
			sourceTree = "<group>";
		};
		D2417A5D2B396DB200D89723 /* Views */ = {
			isa = PBXGroup;
			children = (
				D2417A5E2B396DB200D89723 /* ExploreView.swift */,
				D2417A5F2B396DB200D89723 /* SearchView.swift */,
				D2417A612B396DB200D89723 /* PlacesView.swift */,
				D2417A602B396DB200D89723 /* DetailsView.swift */,
				D2E9009E2B3F2FFD003C860A /* PopupDetailsView.swift */,
				D24CBB812B3D39CE006EB25F /* ActivitiesView.swift */,
				D24D587B2B3D75ED00F65EFF /* ActivitieDetailsView.swift */,
				D2417A6F2B39703100D89723 /* BookingView.swift */,
				D2E900A22B3F61B5003C860A /* BookingSummaryView.swift */,
				D2417A982B3AC55B00D89723 /* AddCardTopayView.swift */,
				D2417A922B3ABF0A00D89723 /* LocationMapView.swift */,
				D2417A942B3AC00200D89723 /* ProfileView.swift */,
				D2417AA32B3AF76900D89723 /* MyBookingView.swift */,
				D2417A8E2B3ABDEE00D89723 /* CustomTabView.swift */,
				D2417A772B3ABAB100D89723 /* Profile */,
			);
			path = Views;
			sourceTree = "<group>";
		};
		D2417A662B396DBB00D89723 /* Components */ = {
			isa = PBXGroup;
			children = (
				D2417A672B396DBB00D89723 /* HaderExplore.swift */,
				D2417A682B396DBB00D89723 /* ButtonExplore.swift */,
				D2417A692B396DBB00D89723 /* CardPlaces.swift */,
				D2417A6A2B396DBB00D89723 /* CardExplore.swift */,
				D2417A712B397C1A00D89723 /* CalendarView.swift */,
				D2417A732B3990FE00D89723 /* PlayersStepper.swift */,
				D2417A752B399C9F00D89723 /* Time.swift */,
				D2417A8A2B3ABDC900D89723 /* CardView.swift */,
				D2417A8C2B3ABDDB00D89723 /* TermsConditionsView.swift */,
				D2417A902B3ABE0C00D89723 /* AuthService.swift */,
				D24CBB7B2B3C40B8006EB25F /* Details.swift */,
				D24CBB7F2B3D36E1006EB25F /* CardActivities.swift */,
				D24D587D2B3D889E00F65EFF /* ActivitieDetails.swift */,
				D2E9009C2B3F2B12003C860A /* MyBooking.swift */,
			);
			path = Components;
			sourceTree = "<group>";
		};
		D2417A772B3ABAB100D89723 /* Profile */ = {
			isa = PBXGroup;
			children = (
				D2417A782B3ABAB100D89723 /* EditProfileView.swift */,
				D2417A792B3ABAB100D89723 /* SupabaseHelper.swift */,
			);
			path = Profile;
			sourceTree = "<group>";
		};
		D2417A7C2B3ABC0600D89723 /* Model */ = {
			isa = PBXGroup;
			children = (
				D2417A7D2B3ABC1D00D89723 /* User.swift */,
				D2417A7F2B3ABC2D00D89723 /* Card.swift */,
				D2417A962B3AC3FE00D89723 /* Sport.swift */,
				D24CBB7D2B3D3324006EB25F /* Activities.swift */,
				D2E9009A2B3F1C8E003C860A /* BookingTicket.swift */,
				D2E900A62B3F8B3D003C860A /*  SportPin.swift */,
			);
			path = Model;
			sourceTree = "<group>";
		};
		D2417A822B3ABC7500D89723 /* Custom */ = {
			isa = PBXGroup;
			children = (
				D2417A832B3ABC9700D89723 /* CustomDatePicker.swift */,
				D2417A852B3ABCA600D89723 /* CustomTextField.swift */,
			);
			path = Custom;
			sourceTree = "<group>";
		};
		D2417A872B3ABD5200D89723 /* ViewModel */ = {
			isa = PBXGroup;
			children = (
				D2417A882B3ABD7700D89723 /* EditProfileViewViewModel.swift */,
				D2F001B82B3BAE8800A91C7C /* SportViewModel.swift */,
				D24CBB832B3D3B2A006EB25F /* ActivitiesViewModel.swift */,
				D2E900A02B3F57CC003C860A /* BookingViewModel.swift */,
			);
			path = ViewModel;
			sourceTree = "<group>";
		};
		D2417A9E2B3AF4E700D89723 /* Authentication */ = {
			isa = PBXGroup;
			children = (
				D2417A9F2B3AF52A00D89723 /* SignIn.swift */,
				D2417AA12B3AF53100D89723 /* CreateAccount.swift */,
			);
			path = Authentication;
			sourceTree = "<group>";
		};
/* End PBXGroup section */

/* Begin PBXNativeTarget section */
		D2417A442B396D2600D89723 /* SportLinkup */ = {
			isa = PBXNativeTarget;
			buildConfigurationList = D2417A532B396D2800D89723 /* Build configuration list for PBXNativeTarget "SportLinkup" */;
			buildPhases = (
				D2417A412B396D2600D89723 /* Sources */,
				D2417A422B396D2600D89723 /* Frameworks */,
				D2417A432B396D2600D89723 /* Resources */,
			);
			buildRules = (
			);
			dependencies = (
			);
			name = SportLinkup;
			productName = SportLinkup;
			productReference = D2417A452B396D2600D89723 /* SportLinkup.app */;
			productType = "com.apple.product-type.application";
		};
/* End PBXNativeTarget section */

/* Begin PBXProject section */
		D2417A3D2B396D2600D89723 /* Project object */ = {
			isa = PBXProject;
			attributes = {
				BuildIndependentTargetsInParallel = 1;
				LastSwiftUpdateCheck = 1510;
				LastUpgradeCheck = 1510;
				TargetAttributes = {
					D2417A442B396D2600D89723 = {
						CreatedOnToolsVersion = 15.1;
					};
				};
			};
			buildConfigurationList = D2417A402B396D2600D89723 /* Build configuration list for PBXProject "SportLinkup" */;
			compatibilityVersion = "Xcode 14.0";
			developmentRegion = en;
			hasScannedForEncodings = 0;
			knownRegions = (
				en,
				Base,
			);
			mainGroup = D2417A3C2B396D2600D89723;
			productRefGroup = D2417A462B396D2600D89723 /* Products */;
			projectDirPath = "";
			projectRoot = "";
			targets = (
				D2417A442B396D2600D89723 /* SportLinkup */,
			);
		};
/* End PBXProject section */

/* Begin PBXResourcesBuildPhase section */
		D2417A432B396D2600D89723 /* Resources */ = {
			isa = PBXResourcesBuildPhase;
			buildActionMask = 2147483647;
			files = (
				D2417A502B396D2800D89723 /* Preview Assets.xcassets in Resources */,
				D2417A4D2B396D2800D89723 /* Assets.xcassets in Resources */,
				D2E900A92B3FC493003C860A /* Localizable.xcstrings in Resources */,
			);
			runOnlyForDeploymentPostprocessing = 0;
		};
/* End PBXResourcesBuildPhase section */

/* Begin PBXSourcesBuildPhase section */
		D2417A412B396D2600D89723 /* Sources */ = {
			isa = PBXSourcesBuildPhase;
			buildActionMask = 2147483647;
			files = (
				D2417A932B3ABF0A00D89723 /* LocationMapView.swift in Sources */,
				D2E900A12B3F57CC003C860A /* BookingViewModel.swift in Sources */,
				D2417A7A2B3ABAB100D89723 /* EditProfileView.swift in Sources */,
				D2E9009B2B3F1C8E003C860A /* BookingTicket.swift in Sources */,
				D24D587E2B3D889E00F65EFF /* ActivitieDetails.swift in Sources */,
				D2417A4B2B396D2600D89723 /* ContentView.swift in Sources */,
				D24CBB842B3D3B2A006EB25F /* ActivitiesViewModel.swift in Sources */,
				D24D587C2B3D75ED00F65EFF /* ActivitieDetailsView.swift in Sources */,
				D2417A842B3ABC9700D89723 /* CustomDatePicker.swift in Sources */,
				D2417A5B2B396D9500D89723 /* OnboardingItems.swift in Sources */,
				D2417A862B3ABCA600D89723 /* CustomTextField.swift in Sources */,
				D2417A742B3990FE00D89723 /* PlayersStepper.swift in Sources */,
				D2417AA22B3AF53100D89723 /* CreateAccount.swift in Sources */,
				D24CBB7E2B3D3324006EB25F /* Activities.swift in Sources */,
				D24CBB7C2B3C40B8006EB25F /* Details.swift in Sources */,
				D2417A702B39703100D89723 /* BookingView.swift in Sources */,
				D24CBB802B3D36E1006EB25F /* CardActivities.swift in Sources */,
				D2E9009D2B3F2B12003C860A /* MyBooking.swift in Sources */,
				D2417A892B3ABD7700D89723 /* EditProfileViewViewModel.swift in Sources */,
				D2417A492B396D2600D89723 /* SportLinkupApp.swift in Sources */,
				D2417A762B399C9F00D89723 /* Time.swift in Sources */,
				D2417A652B396DB200D89723 /* PlacesView.swift in Sources */,
				D2417A972B3AC3FE00D89723 /* Sport.swift in Sources */,
				D2E9009F2B3F2FFD003C860A /* PopupDetailsView.swift in Sources */,
				D2417A7E2B3ABC1D00D89723 /* User.swift in Sources */,
				D2417A722B397C1A00D89723 /* CalendarView.swift in Sources */,
				D2417A6E2B396DBB00D89723 /* CardExplore.swift in Sources */,
				D2417A8B2B3ABDC900D89723 /* CardView.swift in Sources */,
				D2417A6B2B396DBB00D89723 /* HaderExplore.swift in Sources */,
				D2417A6D2B396DBB00D89723 /* CardPlaces.swift in Sources */,
				D2417A632B396DB200D89723 /* SearchView.swift in Sources */,
				D2417A6C2B396DBB00D89723 /* ButtonExplore.swift in Sources */,
				D2417A5C2B396D9500D89723 /* OnboardingView.swift in Sources */,
				D2F001B92B3BAE8800A91C7C /* SportViewModel.swift in Sources */,
				D2417AA42B3AF76900D89723 /* MyBookingView.swift in Sources */,
				D2417A8D2B3ABDDB00D89723 /* TermsConditionsView.swift in Sources */,
				D2417A952B3AC00200D89723 /* ProfileView.swift in Sources */,
				D2417A802B3ABC2D00D89723 /* Card.swift in Sources */,
				D2417A642B396DB200D89723 /* DetailsView.swift in Sources */,
				D24CBB822B3D39CE006EB25F /* ActivitiesView.swift in Sources */,
				D2417A622B396DB200D89723 /* ExploreView.swift in Sources */,
				D2417A8F2B3ABDEE00D89723 /* CustomTabView.swift in Sources */,
				D2417A992B3AC55B00D89723 /* AddCardTopayView.swift in Sources */,
				D2E900A72B3F8B3D003C860A /*  SportPin.swift in Sources */,
				D2417A5A2B396D9500D89723 /* SplashScreenView.swift in Sources */,
				D2417AA02B3AF52A00D89723 /* SignIn.swift in Sources */,
				D2E900A32B3F61B5003C860A /* BookingSummaryView.swift in Sources */,
				D2417A7B2B3ABAB100D89723 /* SupabaseHelper.swift in Sources */,
				D2417A912B3ABE0C00D89723 /* AuthService.swift in Sources */,
			);
			runOnlyForDeploymentPostprocessing = 0;
		};
/* End PBXSourcesBuildPhase section */

/* Begin XCBuildConfiguration section */
		D2417A512B396D2800D89723 /* Debug */ = {
			isa = XCBuildConfiguration;
			buildSettings = {
				ALWAYS_SEARCH_USER_PATHS = NO;
				ASSETCATALOG_COMPILER_GENERATE_SWIFT_ASSET_SYMBOL_EXTENSIONS = YES;
				CLANG_ANALYZER_NONNULL = YES;
				CLANG_ANALYZER_NUMBER_OBJECT_CONVERSION = YES_AGGRESSIVE;
				CLANG_CXX_LANGUAGE_STANDARD = "gnu++20";
				CLANG_ENABLE_MODULES = YES;
				CLANG_ENABLE_OBJC_ARC = YES;
				CLANG_ENABLE_OBJC_WEAK = YES;
				CLANG_WARN_BLOCK_CAPTURE_AUTORELEASING = YES;
				CLANG_WARN_BOOL_CONVERSION = YES;
				CLANG_WARN_COMMA = YES;
				CLANG_WARN_CONSTANT_CONVERSION = YES;
				CLANG_WARN_DEPRECATED_OBJC_IMPLEMENTATIONS = YES;
				CLANG_WARN_DIRECT_OBJC_ISA_USAGE = YES_ERROR;
				CLANG_WARN_DOCUMENTATION_COMMENTS = YES;
				CLANG_WARN_EMPTY_BODY = YES;
				CLANG_WARN_ENUM_CONVERSION = YES;
				CLANG_WARN_INFINITE_RECURSION = YES;
				CLANG_WARN_INT_CONVERSION = YES;
				CLANG_WARN_NON_LITERAL_NULL_CONVERSION = YES;
				CLANG_WARN_OBJC_IMPLICIT_RETAIN_SELF = YES;
				CLANG_WARN_OBJC_LITERAL_CONVERSION = YES;
				CLANG_WARN_OBJC_ROOT_CLASS = YES_ERROR;
				CLANG_WARN_QUOTED_INCLUDE_IN_FRAMEWORK_HEADER = YES;
				CLANG_WARN_RANGE_LOOP_ANALYSIS = YES;
				CLANG_WARN_STRICT_PROTOTYPES = YES;
				CLANG_WARN_SUSPICIOUS_MOVE = YES;
				CLANG_WARN_UNGUARDED_AVAILABILITY = YES_AGGRESSIVE;
				CLANG_WARN_UNREACHABLE_CODE = YES;
				CLANG_WARN__DUPLICATE_METHOD_MATCH = YES;
				COPY_PHASE_STRIP = NO;
				DEBUG_INFORMATION_FORMAT = dwarf;
				ENABLE_STRICT_OBJC_MSGSEND = YES;
				ENABLE_TESTABILITY = YES;
				ENABLE_USER_SCRIPT_SANDBOXING = YES;
				GCC_C_LANGUAGE_STANDARD = gnu17;
				GCC_DYNAMIC_NO_PIC = NO;
				GCC_NO_COMMON_BLOCKS = YES;
				GCC_OPTIMIZATION_LEVEL = 0;
				GCC_PREPROCESSOR_DEFINITIONS = (
					"DEBUG=1",
					"$(inherited)",
				);
				GCC_WARN_64_TO_32_BIT_CONVERSION = YES;
				GCC_WARN_ABOUT_RETURN_TYPE = YES_ERROR;
				GCC_WARN_UNDECLARED_SELECTOR = YES;
				GCC_WARN_UNINITIALIZED_AUTOS = YES_AGGRESSIVE;
				GCC_WARN_UNUSED_FUNCTION = YES;
				GCC_WARN_UNUSED_VARIABLE = YES;
				IPHONEOS_DEPLOYMENT_TARGET = 17.2;
				LOCALIZATION_PREFERS_STRING_CATALOGS = YES;
				MTL_ENABLE_DEBUG_INFO = INCLUDE_SOURCE;
				MTL_FAST_MATH = YES;
				ONLY_ACTIVE_ARCH = YES;
				SDKROOT = iphoneos;
				SWIFT_ACTIVE_COMPILATION_CONDITIONS = "DEBUG $(inherited)";
				SWIFT_OPTIMIZATION_LEVEL = "-Onone";
			};
			name = Debug;
		};
		D2417A522B396D2800D89723 /* Release */ = {
			isa = XCBuildConfiguration;
			buildSettings = {
				ALWAYS_SEARCH_USER_PATHS = NO;
				ASSETCATALOG_COMPILER_GENERATE_SWIFT_ASSET_SYMBOL_EXTENSIONS = YES;
				CLANG_ANALYZER_NONNULL = YES;
				CLANG_ANALYZER_NUMBER_OBJECT_CONVERSION = YES_AGGRESSIVE;
				CLANG_CXX_LANGUAGE_STANDARD = "gnu++20";
				CLANG_ENABLE_MODULES = YES;
				CLANG_ENABLE_OBJC_ARC = YES;
				CLANG_ENABLE_OBJC_WEAK = YES;
				CLANG_WARN_BLOCK_CAPTURE_AUTORELEASING = YES;
				CLANG_WARN_BOOL_CONVERSION = YES;
				CLANG_WARN_COMMA = YES;
				CLANG_WARN_CONSTANT_CONVERSION = YES;
				CLANG_WARN_DEPRECATED_OBJC_IMPLEMENTATIONS = YES;
				CLANG_WARN_DIRECT_OBJC_ISA_USAGE = YES_ERROR;
				CLANG_WARN_DOCUMENTATION_COMMENTS = YES;
				CLANG_WARN_EMPTY_BODY = YES;
				CLANG_WARN_ENUM_CONVERSION = YES;
				CLANG_WARN_INFINITE_RECURSION = YES;
				CLANG_WARN_INT_CONVERSION = YES;
				CLANG_WARN_NON_LITERAL_NULL_CONVERSION = YES;
				CLANG_WARN_OBJC_IMPLICIT_RETAIN_SELF = YES;
				CLANG_WARN_OBJC_LITERAL_CONVERSION = YES;
				CLANG_WARN_OBJC_ROOT_CLASS = YES_ERROR;
				CLANG_WARN_QUOTED_INCLUDE_IN_FRAMEWORK_HEADER = YES;
				CLANG_WARN_RANGE_LOOP_ANALYSIS = YES;
				CLANG_WARN_STRICT_PROTOTYPES = YES;
				CLANG_WARN_SUSPICIOUS_MOVE = YES;
				CLANG_WARN_UNGUARDED_AVAILABILITY = YES_AGGRESSIVE;
				CLANG_WARN_UNREACHABLE_CODE = YES;
				CLANG_WARN__DUPLICATE_METHOD_MATCH = YES;
				COPY_PHASE_STRIP = NO;
				DEBUG_INFORMATION_FORMAT = "dwarf-with-dsym";
				ENABLE_NS_ASSERTIONS = NO;
				ENABLE_STRICT_OBJC_MSGSEND = YES;
				ENABLE_USER_SCRIPT_SANDBOXING = YES;
				GCC_C_LANGUAGE_STANDARD = gnu17;
				GCC_NO_COMMON_BLOCKS = YES;
				GCC_WARN_64_TO_32_BIT_CONVERSION = YES;
				GCC_WARN_ABOUT_RETURN_TYPE = YES_ERROR;
				GCC_WARN_UNDECLARED_SELECTOR = YES;
				GCC_WARN_UNINITIALIZED_AUTOS = YES_AGGRESSIVE;
				GCC_WARN_UNUSED_FUNCTION = YES;
				GCC_WARN_UNUSED_VARIABLE = YES;
				IPHONEOS_DEPLOYMENT_TARGET = 17.2;
				LOCALIZATION_PREFERS_STRING_CATALOGS = YES;
				MTL_ENABLE_DEBUG_INFO = NO;
				MTL_FAST_MATH = YES;
				SDKROOT = iphoneos;
				SWIFT_COMPILATION_MODE = wholemodule;
				VALIDATE_PRODUCT = YES;
			};
			name = Release;
		};
		D2417A542B396D2800D89723 /* Debug */ = {
			isa = XCBuildConfiguration;
			buildSettings = {
				ASSETCATALOG_COMPILER_APPICON_NAME = AppIcon;
				ASSETCATALOG_COMPILER_GLOBAL_ACCENT_COLOR_NAME = AccentColor;
				CODE_SIGN_STYLE = Automatic;
				CURRENT_PROJECT_VERSION = 1;
				DEVELOPMENT_ASSET_PATHS = "\"SportLinkup/Preview Content\"";
				DEVELOPMENT_TEAM = VL567NGX26;
				ENABLE_PREVIEWS = YES;
				GENERATE_INFOPLIST_FILE = YES;
				INFOPLIST_KEY_UIApplicationSceneManifest_Generation = YES;
				INFOPLIST_KEY_UIApplicationSupportsIndirectInputEvents = YES;
				INFOPLIST_KEY_UILaunchScreen_Generation = YES;
				INFOPLIST_KEY_UISupportedInterfaceOrientations_iPad = "UIInterfaceOrientationPortrait UIInterfaceOrientationPortraitUpsideDown UIInterfaceOrientationLandscapeLeft UIInterfaceOrientationLandscapeRight";
				INFOPLIST_KEY_UISupportedInterfaceOrientations_iPhone = "UIInterfaceOrientationPortrait UIInterfaceOrientationLandscapeLeft UIInterfaceOrientationLandscapeRight";
				LD_RUNPATH_SEARCH_PATHS = (
					"$(inherited)",
					"@executable_path/Frameworks",
				);
				MARKETING_VERSION = 1.0;
				PRODUCT_BUNDLE_IDENTIFIER = com.Aljwhra.SportLinkup;
				PRODUCT_NAME = "$(TARGET_NAME)";
				SWIFT_EMIT_LOC_STRINGS = YES;
				SWIFT_VERSION = 5.0;
				TARGETED_DEVICE_FAMILY = "1,2";
			};
			name = Debug;
		};
		D2417A552B396D2800D89723 /* Release */ = {
			isa = XCBuildConfiguration;
			buildSettings = {
				ASSETCATALOG_COMPILER_APPICON_NAME = AppIcon;
				ASSETCATALOG_COMPILER_GLOBAL_ACCENT_COLOR_NAME = AccentColor;
				CODE_SIGN_STYLE = Automatic;
				CURRENT_PROJECT_VERSION = 1;
				DEVELOPMENT_ASSET_PATHS = "\"SportLinkup/Preview Content\"";
				DEVELOPMENT_TEAM = VL567NGX26;
				ENABLE_PREVIEWS = YES;
				GENERATE_INFOPLIST_FILE = YES;
				INFOPLIST_KEY_UIApplicationSceneManifest_Generation = YES;
				INFOPLIST_KEY_UIApplicationSupportsIndirectInputEvents = YES;
				INFOPLIST_KEY_UILaunchScreen_Generation = YES;
				INFOPLIST_KEY_UISupportedInterfaceOrientations_iPad = "UIInterfaceOrientationPortrait UIInterfaceOrientationPortraitUpsideDown UIInterfaceOrientationLandscapeLeft UIInterfaceOrientationLandscapeRight";
				INFOPLIST_KEY_UISupportedInterfaceOrientations_iPhone = "UIInterfaceOrientationPortrait UIInterfaceOrientationLandscapeLeft UIInterfaceOrientationLandscapeRight";
				LD_RUNPATH_SEARCH_PATHS = (
					"$(inherited)",
					"@executable_path/Frameworks",
				);
				MARKETING_VERSION = 1.0;
				PRODUCT_BUNDLE_IDENTIFIER = com.Aljwhra.SportLinkup;
				PRODUCT_NAME = "$(TARGET_NAME)";
				SWIFT_EMIT_LOC_STRINGS = YES;
				SWIFT_VERSION = 5.0;
				TARGETED_DEVICE_FAMILY = "1,2";
			};
			name = Release;
		};
/* End XCBuildConfiguration section */

/* Begin XCConfigurationList section */
		D2417A402B396D2600D89723 /* Build configuration list for PBXProject "SportLinkup" */ = {
			isa = XCConfigurationList;
			buildConfigurations = (
				D2417A512B396D2800D89723 /* Debug */,
				D2417A522B396D2800D89723 /* Release */,
			);
			defaultConfigurationIsVisible = 0;
			defaultConfigurationName = Release;
		};
		D2417A532B396D2800D89723 /* Build configuration list for PBXNativeTarget "SportLinkup" */ = {
			isa = XCConfigurationList;
			buildConfigurations = (
				D2417A542B396D2800D89723 /* Debug */,
				D2417A552B396D2800D89723 /* Release */,
			);
			defaultConfigurationIsVisible = 0;
			defaultConfigurationName = Release;
		};
/* End XCConfigurationList section */
	};
	rootObject = D2417A3D2B396D2600D89723 /* Project object */;
}
